---
projectConfigHash: 8468a49d9a56a635bd0235fd37aaba1eb53c693d22f2a2e915370c892fea246d
projectInternalId: v2ZmtbkGuVdvGwVE
images:
  node:
    14-buster:
      hash: a4eb766856965225d23e7f1e75dd8b7114f1c10e0e70b058211f8628620a1a4f
      runConfig:
        env:
          npm_config_cache: /caches/.npm
        envFromHost:
          - NPM_TOKEN
        volumes:
          /caches/.npm:
            name: ~
            scope: Project
        bindings: ~
  rust:
    1.45-stretch:
      hash: 5cc6a12ecb898eb730349358ee6f679cbd3f437fdf6a608bf56d2d8e9ea444dd
      runConfig:
        env:
          CARGO_HOME: /caches/.cargo
        envFromHost: ~
        volumes:
          /caches/.cargo:
            name: ~
            scope: Project
        bindings: ~
binaries:
  cargo:
    ociImageName: rust
    ociImageHash: 5cc6a12ecb898eb730349358ee6f679cbd3f437fdf6a608bf56d2d8e9ea444dd
    path: cargo
    runConfig:
      env:
        CARGO_HOME: /caches/.cargo
      envFromHost: ~
      volumes:
        - containerPath: /caches/.cargo
          volumeName: prj_v2ZmtbkGuVdvGwVE_23871e86f8681b039cffcca6b1b5f6fe
      bindings: ~
  node:
    ociImageName: node
    ociImageHash: a4eb766856965225d23e7f1e75dd8b7114f1c10e0e70b058211f8628620a1a4f
    path: node
    runConfig:
      env:
        npm_config_cache: /caches/.npm
      envFromHost:
        - NPM_TOKEN
      volumes:
        - containerPath: /caches/.npm
          volumeName: prj_v2ZmtbkGuVdvGwVE_d3055d24fd594ec026f4dad7c8772525
      bindings: ~
  npm:
    ociImageName: node
    ociImageHash: a4eb766856965225d23e7f1e75dd8b7114f1c10e0e70b058211f8628620a1a4f
    path: npm
    runConfig:
      env:
        npm_config_cache: /caches/.npm
      envFromHost:
        - NPM_TOKEN
      volumes:
        - containerPath: /caches/.npm
          volumeName: prj_v2ZmtbkGuVdvGwVE_d3055d24fd594ec026f4dad7c8772525
      bindings: ~
  npx:
    ociImageName: node
    ociImageHash: a4eb766856965225d23e7f1e75dd8b7114f1c10e0e70b058211f8628620a1a4f
    path: npx
    runConfig:
      env:
        npm_config_cache: /caches/.npm
      envFromHost:
        - NPM_TOKEN
      volumes:
        - containerPath: /caches/.npm
          volumeName: prj_v2ZmtbkGuVdvGwVE_d3055d24fd594ec026f4dad7c8772525
      bindings: ~
  yarn:
    ociImageName: node
    ociImageHash: a4eb766856965225d23e7f1e75dd8b7114f1c10e0e70b058211f8628620a1a4f
    path: yarn
    runConfig:
      env:
        npm_config_cache: /caches/.npm
      envFromHost:
        - NPM_TOKEN
      volumes:
        - containerPath: /caches/.npm
          volumeName: prj_v2ZmtbkGuVdvGwVE_d3055d24fd594ec026f4dad7c8772525
      bindings: ~