---
projectConfigHash: 1da5bcec2afaff546bf7e690db67aa150e2f2d8ec57c494e28fa18c8fcc380e7
projectInternalId: v2ZmtbkGuVdvGwVE
images:
  node:
    14-buster:
      hash: efa8bcbad1b41582d1dcae7066b2da3d102a4b326c30d72ed469949115beaff7
      runConfig:
        env:
          npm_config_cache: /caches/.npm
        envFromHost:
          - NPM_TOKEN
        volumes:
          /caches/.npm:
            name: ~
            scope: Project
        bindings: ~
  rust:
    1.45-stretch:
      hash: 1c46ba753874698dfa8f35a5a7f034e3304349fbca406883c45f364dd8b2f870
      runConfig: ~
binaries:
  cargo:
    ociImageName: rust
    ociImageHash: 1c46ba753874698dfa8f35a5a7f034e3304349fbca406883c45f364dd8b2f870
    path: cargo
    runConfig: ~
  node:
    ociImageName: node
    ociImageHash: efa8bcbad1b41582d1dcae7066b2da3d102a4b326c30d72ed469949115beaff7
    path: node
    runConfig:
      env:
        npm_config_cache: /caches/.npm
      envFromHost:
        - NPM_TOKEN
      volumes:
        - containerPath: /caches/.npm
          volumeName: prj_v2ZmtbkGuVdvGwVE_d3055d24fd594ec026f4dad7c8772525
      bindings: ~
  npm:
    ociImageName: node
    ociImageHash: efa8bcbad1b41582d1dcae7066b2da3d102a4b326c30d72ed469949115beaff7
    path: npm
    runConfig:
      env:
        npm_config_cache: /caches/.npm
      envFromHost:
        - NPM_TOKEN
      volumes:
        - containerPath: /caches/.npm
          volumeName: prj_v2ZmtbkGuVdvGwVE_d3055d24fd594ec026f4dad7c8772525
      bindings: ~
  npx:
    ociImageName: node
    ociImageHash: efa8bcbad1b41582d1dcae7066b2da3d102a4b326c30d72ed469949115beaff7
    path: npx
    runConfig:
      env:
        npm_config_cache: /caches/.npm
      envFromHost:
        - NPM_TOKEN
      volumes:
        - containerPath: /caches/.npm
          volumeName: prj_v2ZmtbkGuVdvGwVE_d3055d24fd594ec026f4dad7c8772525
      bindings: ~
  yarn:
    ociImageName: node
    ociImageHash: efa8bcbad1b41582d1dcae7066b2da3d102a4b326c30d72ed469949115beaff7
    path: yarn
    runConfig:
      env:
        npm_config_cache: /caches/.npm
      envFromHost:
        - NPM_TOKEN
      volumes:
        - containerPath: /caches/.npm
          volumeName: prj_v2ZmtbkGuVdvGwVE_d3055d24fd594ec026f4dad7c8772525
      bindings: ~