---
projectConfigHash: 22d20cb850b396346f0653867f3eaabe906a3ce97a47a24433590e5a3ba97691
projectInternalId: v2ZmtbkGuVdvGwVE
images:
  node:
    14-buster:
      hash: c0ae3ecaf72d7feacce7d516d0d9c93724a3dd58ec352401a51a9e7f32407af1
      runConfig:
        env:
          A_GLOBAL_VAR: hello
          THEANSWERTOEVERYTHING: "55"
        envFromHost:
          - NPM_TOKEN
        volumes: ~
        bindings: ~
binaries:
  customsh:
    ociImageName: node
    ociImageHash: c0ae3ecaf72d7feacce7d516d0d9c93724a3dd58ec352401a51a9e7f32407af1
    path: sh
    runConfig:
      env:
        A_GLOBAL_VAR: hello
        THEANSWERTOEVERYTHING: "55"
      envFromHost:
        - NPM_TOKEN
      volumes:
        - containerPath: /pathespecial
          volumeName: prj_v2ZmtbkGuVdvGwVE_eac5edf37dba57b623ea02dd3a7aeb86
      bindings: ~
  node:
    ociImageName: node
    ociImageHash: c0ae3ecaf72d7feacce7d516d0d9c93724a3dd58ec352401a51a9e7f32407af1
    path: node
    runConfig:
      env:
        A_GLOBAL_VAR: hello
        THEANSWERTOEVERYTHING: "42"
      envFromHost:
        - NPM_TOKEN
      volumes:
        - containerPath: /caches
          volumeName: prj_v2ZmtbkGuVdvGwVE_c17fc2edf9c824b004991caf42663166
      bindings: ~
  npm:
    ociImageName: node
    ociImageHash: c0ae3ecaf72d7feacce7d516d0d9c93724a3dd58ec352401a51a9e7f32407af1
    path: npm
    runConfig:
      env:
        A_GLOBAL_VAR: hello
        THEANSWERTOEVERYTHING: "55"
      envFromHost:
        - NPM_TOKEN
      volumes: ~
      bindings: ~
  npx:
    ociImageName: node
    ociImageHash: c0ae3ecaf72d7feacce7d516d0d9c93724a3dd58ec352401a51a9e7f32407af1
    path: npx
    runConfig:
      env:
        A_GLOBAL_VAR: hello
        THEANSWERTOEVERYTHING: "55"
      envFromHost:
        - NPM_TOKEN
      volumes: ~
      bindings: ~
  yarn:
    ociImageName: node
    ociImageHash: c0ae3ecaf72d7feacce7d516d0d9c93724a3dd58ec352401a51a9e7f32407af1
    path: yarn
    runConfig:
      env:
        A_GLOBAL_VAR: hello
        THEANSWERTOEVERYTHING: "55"
      envFromHost:
        - NPM_TOKEN
      volumes: ~
      bindings: ~